
Microsoft Visual Studio Solution File, Format Version 12.00
Project("{FAE04EC0-301F-11D3-BF4B-00C04F79EFBC}") = "Scott.FizzBuzz.Console", "Scott.FizzBuzz.Console\Scott.FizzBuzz.Console.csproj", "{4E85E004-CA28-4146-999B-1B7CC6230231}"
EndProject
Project("{FAE04EC0-301F-11D3-BF4B-00C04F79EFBC}") = "Scott.FizzBuzz.Core", "Scott.FizzBuzz.Core\Scott.FizzBuzz.Core.csproj", "{B393585F-5C26-4949-90E5-712E824BFD22}"
EndProject
Project("{FAE04EC0-301F-11D3-BF4B-00C04F79EFBC}") = "Scott.FizzBuzz.Core.Tests", "Scott.FizzBuzz.Core.Tests\Scott.FizzBuzz.Core.Tests.csproj", "{D77903D6-0B07-44D5-936D-3D32367617F7}"
EndProject
Project("{FAE04EC0-301F-11D3-BF4B-00C04F79EFBC}") = "Scott.FizzBuzz.Console.Tests", "Scott.FizzBuzz.Console.Tests\Scott.FizzBuzz.Console.Tests.csproj", "{9BE3C6C8-39AD-4998-AC10-EAA86B02748E}"
EndProject
Project("{2150E333-8FDC-42A3-9474-1A3956D46DE8}") = "docs", "docs", "{95AAB8A4-B7DA-4893-AB8D-077FB1D6DF93}"
	ProjectSection(SolutionItems) = preProject
			docs\index.md = docs\index.md
			mkdocs.yml = mkdocs.yml
			mkdocs-pdf.yml = mkdocs-pdf.yml
			requirements-docs.txt = requirements-docs.txt
			requirements-docs-pdf.txt = requirements-docs-pdf.txt
		EndProjectSection
EndProject
Project("{2150E333-8FDC-42A3-9474-1A3956D46DE8}") = "architecture", "architecture", "{3FDF6A14-5F9A-4BDE-B2D2-A5DAB0EC9125}"
	ProjectSection(SolutionItems) = preProject
		docs\architecture\README.md = docs\architecture\README.md
	EndProjectSection
EndProject
Project("{2150E333-8FDC-42A3-9474-1A3956D46DE8}") = "adr", "adr", "{59C61EE3-1D6B-4326-964E-39489D332C5F}"
	ProjectSection(SolutionItems) = preProject
		docs\architecture\adr\0001-demo-triad-structure.md = docs\architecture\adr\0001-demo-triad-structure.md
		docs\architecture\adr\0002-output-abstraction-ioutput.md = docs\architecture\adr\0002-output-abstraction-ioutput.md
		docs\architecture\adr\0003-demo-discovery-metadata.md = docs\architecture\adr\0003-demo-discovery-metadata.md
		docs\architecture\adr\0004-private-logic-extraction.md = docs\architecture\adr\0004-private-logic-extraction.md
		docs\architecture\adr\0005-coverage-gates-and-test-strategy.md = docs\architecture\adr\0005-coverage-gates-and-test-strategy.md
		docs\architecture\adr\0006-text-store-persistence-side-effect-boundaries.md = docs\architecture\adr\0006-text-store-persistence-side-effect-boundaries.md
		docs\architecture\adr\0007-postgresql-sql-first-changelog-workflow.md = docs\architecture\adr\0007-postgresql-sql-first-changelog-workflow.md
	EndProjectSection
EndProject
Project("{2150E333-8FDC-42A3-9474-1A3956D46DE8}") = "database", "database", "{F8F83BB4-30CC-4532-ADFA-2BDF75A245C4}"
	ProjectSection(SolutionItems) = preProject
		docs\architecture\database-changelog-workflow.md = docs\architecture\database-changelog-workflow.md
		docs\architecture\database-operations-runbook.md = docs\architecture\database-operations-runbook.md
	EndProjectSection
EndProject
Project("{2150E333-8FDC-42A3-9474-1A3956D46DE8}") = "db", "db", "{D38A2C53-45E2-4338-BD4A-4A8A702A3459}"
EndProject
Project("{2150E333-8FDC-42A3-9474-1A3956D46DE8}") = "bootstrap", "bootstrap", "{4A8EBDF8-FD96-46A6-8FEE-D07EC14A2760}"
	ProjectSection(SolutionItems) = preProject
		db\bootstrap\B001_create_role.sql = db\bootstrap\B001_create_role.sql
		db\bootstrap\B002_create_database.sql = db\bootstrap\B002_create_database.sql
		db\bootstrap\B003_grants.sql = db\bootstrap\B003_grants.sql
	EndProjectSection
EndProject
Project("{2150E333-8FDC-42A3-9474-1A3956D46DE8}") = "migrations", "migrations", "{4DBB10B8-CA5E-4669-96C2-F1A270A661D4}"
	ProjectSection(SolutionItems) = preProject
		db\migrations\V001__create_demo_people_table.sql = db\migrations\V001__create_demo_people_table.sql
		db\migrations\V002__add_demo_people_uniqueness_and_indexes.sql = db\migrations\V002__add_demo_people_uniqueness_and_indexes.sql
	EndProjectSection
EndProject
Project("{2150E333-8FDC-42A3-9474-1A3956D46DE8}") = "seeds", "seeds", "{B94BC6F5-A003-4F4F-A323-2E301F68EE71}"
	ProjectSection(SolutionItems) = preProject
		db\seeds\S001__seed_demo_people.sql = db\seeds\S001__seed_demo_people.sql
	EndProjectSection
EndProject
Project("{2150E333-8FDC-42A3-9474-1A3956D46DE8}") = "verify", "verify", "{F7F5D6D7-C0A8-45A5-9B74-C5A5E4CC49E7}"
	ProjectSection(SolutionItems) = preProject
		db\verify\Q001__verify_demo_people.sql = db\verify\Q001__verify_demo_people.sql
	EndProjectSection
EndProject
Project("{2150E333-8FDC-42A3-9474-1A3956D46DE8}") = "scripts", "scripts", "{1675DFA0-EBB6-4188-8C57-A6D6E424B50F}"
	ProjectSection(SolutionItems) = preProject
		scripts\db-bootstrap.sh = scripts\db-bootstrap.sh
		scripts\db-common.sh = scripts\db-common.sh
		scripts\db-init.sh = scripts\db-init.sh
		scripts\db-migrate.sh = scripts\db-migrate.sh
		scripts\db-reset.sh = scripts\db-reset.sh
		scripts\db-seed.sh = scripts\db-seed.sh
		scripts\db-status.sh = scripts\db-status.sh
		scripts\db-verify.sh = scripts\db-verify.sh
	EndProjectSection
EndProject
Project("{2150E333-8FDC-42A3-9474-1A3956D46DE8}") = ".run", ".run", "{0F0B2F09-2FA2-4E78-A0EA-CC98AA3E5A9E}"
	ProjectSection(SolutionItems) = preProject
		.run\DB - init.run.xml = .run\DB - init.run.xml
		.run\DB - reset (confirmed).run.xml = .run\DB - reset (confirmed).run.xml
		.run\DB - reset (safe).run.xml = .run\DB - reset (safe).run.xml
		.run\DB - status.run.xml = .run\DB - status.run.xml
		.run\FizzBuzz - csharp-async-composition.run.xml = .run\FizzBuzz - csharp-async-composition.run.xml
		.run\FizzBuzz - csharp-collections-aggregation.run.xml = .run\FizzBuzz - csharp-collections-aggregation.run.xml
		.run\FizzBuzz - csharp-db-postgres.run.xml = .run\FizzBuzz - csharp-db-postgres.run.xml
		.run\FizzBuzz - csharp-functional-registration.run.xml = .run\FizzBuzz - csharp-functional-registration.run.xml
		.run\FizzBuzz - csharp-null-patterns.run.xml = .run\FizzBuzz - csharp-null-patterns.run.xml
		.run\FizzBuzz - csharp-parse-validate-pipeline.run.xml = .run\FizzBuzz - csharp-parse-validate-pipeline.run.xml
		.run\FizzBuzz - csharp-result-recovery.run.xml = .run\FizzBuzz - csharp-result-recovery.run.xml
		.run\FizzBuzz - csharp-validation-error-list.run.xml = .run\FizzBuzz - csharp-validation-error-list.run.xml
		.run\FizzBuzz - demo-cat-monad.run.xml = .run\FizzBuzz - demo-cat-monad.run.xml
		.run\FizzBuzz - demo-currying.run.xml = .run\FizzBuzz - demo-currying.run.xml
		.run\FizzBuzz - demo-eff.run.xml = .run\FizzBuzz - demo-eff.run.xml
		.run\FizzBuzz - demo-either.run.xml = .run\FizzBuzz - demo-either.run.xml
		.run\FizzBuzz - demo-monad.run.xml = .run\FizzBuzz - demo-monad.run.xml
		.run\FizzBuzz - fp-extension-members-typeclasses.run.xml = .run\FizzBuzz - fp-extension-members-typeclasses.run.xml
		.run\FizzBuzz - fp-json-strict-validation.run.xml = .run\FizzBuzz - fp-json-strict-validation.run.xml
		.run\FizzBuzz - imperative-async-workflow.run.xml = .run\FizzBuzz - imperative-async-workflow.run.xml
		.run\FizzBuzz - imperative-collections-aggregation.run.xml = .run\FizzBuzz - imperative-collections-aggregation.run.xml
		.run\FizzBuzz - imperative-db-postgres.run.xml = .run\FizzBuzz - imperative-db-postgres.run.xml
		.run\FizzBuzz - imperative-exception-boundaries.run.xml = .run\FizzBuzz - imperative-exception-boundaries.run.xml
		.run\FizzBuzz - imperative-null-handling.run.xml = .run\FizzBuzz - imperative-null-handling.run.xml
		.run\FizzBuzz - imperative-parse-validate.run.xml = .run\FizzBuzz - imperative-parse-validate.run.xml
		.run\FizzBuzz - imperative-user-registration.run.xml = .run\FizzBuzz - imperative-user-registration.run.xml
		.run\FizzBuzz - imperative-validation-first-error.run.xml = .run\FizzBuzz - imperative-validation-first-error.run.xml
		.run\FizzBuzz - imperative.run.xml = .run\FizzBuzz - imperative.run.xml
		.run\FizzBuzz - lang-ext.run.xml = .run\FizzBuzz - lang-ext.run.xml
		.run\FizzBuzz - langext-db-postgres-eff.run.xml = .run\FizzBuzz - langext-db-postgres-eff.run.xml
		.run\FizzBuzz - langext-eff-async-workflow.run.xml = .run\FizzBuzz - langext-eff-async-workflow.run.xml
		.run\FizzBuzz - langext-either-parse-validate.run.xml = .run\FizzBuzz - langext-either-parse-validate.run.xml
		.run\FizzBuzz - langext-functional-registration.run.xml = .run\FizzBuzz - langext-functional-registration.run.xml
		.run\FizzBuzz - langext-option-pipeline.run.xml = .run\FizzBuzz - langext-option-pipeline.run.xml
		.run\FizzBuzz - langext-seq-aggregation.run.xml = .run\FizzBuzz - langext-seq-aggregation.run.xml
		.run\FizzBuzz - langext-try-either-recovery.run.xml = .run\FizzBuzz - langext-try-either-recovery.run.xml
		.run\FizzBuzz - langext-validation-accumulate.run.xml = .run\FizzBuzz - langext-validation-accumulate.run.xml
		.run\FizzBuzz - list-all.run.xml = .run\FizzBuzz - list-all.run.xml
		.run\FizzBuzz - list-comparison.run.xml = .run\FizzBuzz - list-comparison.run.xml
		.run\FizzBuzz - list-csharp14.run.xml = .run\FizzBuzz - list-csharp14.run.xml
		.run\FizzBuzz - list-dotnet10.run.xml = .run\FizzBuzz - list-dotnet10.run.xml
		.run\FizzBuzz - list-fp.run.xml = .run\FizzBuzz - list-fp.run.xml
		.run\FizzBuzz - list-languageext.run.xml = .run\FizzBuzz - list-languageext.run.xml
		.run\FizzBuzz - monad-basics-cat-ghost.run.xml = .run\FizzBuzz - monad-basics-cat-ghost.run.xml
		.run\FizzBuzz - monad-basics-cat-luna.run.xml = .run\FizzBuzz - monad-basics-cat-luna.run.xml
		.run\FizzBuzz - monad-basics-cat-void.run.xml = .run\FizzBuzz - monad-basics-cat-void.run.xml
		.run\FizzBuzz - monad-basics-cat.run.xml = .run\FizzBuzz - monad-basics-cat.run.xml
		.run\FizzBuzz - monadic-functions.run.xml = .run\FizzBuzz - monadic-functions.run.xml
		.run\FizzBuzz - no-dependency.run.xml = .run\FizzBuzz - no-dependency.run.xml
		.run\FizzBuzz - other-monads.run.xml = .run\FizzBuzz - other-monads.run.xml
		.run\FizzBuzz - pattern-matching.run.xml = .run\FizzBuzz - pattern-matching.run.xml
		.run\FizzBuzz - range-iter.run.xml = .run\FizzBuzz - range-iter.run.xml
		.run\FizzBuzz - tuple-demo.run.xml = .run\FizzBuzz - tuple-demo.run.xml
		.run\Triad - Async Eff - 01 Imperative.run.xml = .run\Triad - Async Eff - 01 Imperative.run.xml
		.run\Triad - Async Eff - 02 CSharp.run.xml = .run\Triad - Async Eff - 02 CSharp.run.xml
		.run\Triad - Async Eff - 03 LanguageExt.run.xml = .run\Triad - Async Eff - 03 LanguageExt.run.xml
		.run\Triad - Collections Aggregation - 01 Imperative.run.xml = .run\Triad - Collections Aggregation - 01 Imperative.run.xml
		.run\Triad - Collections Aggregation - 02 CSharp.run.xml = .run\Triad - Collections Aggregation - 02 CSharp.run.xml
		.run\Triad - Collections Aggregation - 03 LanguageExt.run.xml = .run\Triad - Collections Aggregation - 03 LanguageExt.run.xml
		.run\Triad - Database Postgres - 01 Imperative.run.xml = .run\Triad - Database Postgres - 01 Imperative.run.xml
		.run\Triad - Database Postgres - 02 CSharp.run.xml = .run\Triad - Database Postgres - 02 CSharp.run.xml
		.run\Triad - Database Postgres - 03 LanguageExt.run.xml = .run\Triad - Database Postgres - 03 LanguageExt.run.xml
		.run\Triad - End To End Registration - 01 Imperative.run.xml = .run\Triad - End To End Registration - 01 Imperative.run.xml
		.run\Triad - End To End Registration - 02 CSharp.run.xml = .run\Triad - End To End Registration - 02 CSharp.run.xml
		.run\Triad - End To End Registration - 03 LanguageExt.run.xml = .run\Triad - End To End Registration - 03 LanguageExt.run.xml
		.run\Triad - Exception Boundaries - 01 Imperative.run.xml = .run\Triad - Exception Boundaries - 01 Imperative.run.xml
		.run\Triad - Exception Boundaries - 02 CSharp.run.xml = .run\Triad - Exception Boundaries - 02 CSharp.run.xml
		.run\Triad - Exception Boundaries - 03 LanguageExt.run.xml = .run\Triad - Exception Boundaries - 03 LanguageExt.run.xml
		.run\Triad - Null Option - 01 Imperative.run.xml = .run\Triad - Null Option - 01 Imperative.run.xml
		.run\Triad - Null Option - 02 CSharp.run.xml = .run\Triad - Null Option - 02 CSharp.run.xml
		.run\Triad - Null Option - 03 LanguageExt.run.xml = .run\Triad - Null Option - 03 LanguageExt.run.xml
		.run\Triad - Parse Validate - 01 Imperative.run.xml = .run\Triad - Parse Validate - 01 Imperative.run.xml
		.run\Triad - Parse Validate - 02 CSharp.run.xml = .run\Triad - Parse Validate - 02 CSharp.run.xml
		.run\Triad - Parse Validate - 03 LanguageExt.run.xml = .run\Triad - Parse Validate - 03 LanguageExt.run.xml
		.run\Triad - Validation Accumulation - 01 Imperative.run.xml = .run\Triad - Validation Accumulation - 01 Imperative.run.xml
		.run\Triad - Validation Accumulation - 02 CSharp.run.xml = .run\Triad - Validation Accumulation - 02 CSharp.run.xml
		.run\Triad - Validation Accumulation - 03 LanguageExt.run.xml = .run\Triad - Validation Accumulation - 03 LanguageExt.run.xml
	EndProjectSection
EndProject
Project("{2150E333-8FDC-42A3-9474-1A3956D46DE8}") = ".github", ".github", "{B8A3C2D1-AE0B-4F1C-A93D-C3F5B4B2E7D8}"
EndProject
Project("{2150E333-8FDC-42A3-9474-1A3956D46DE8}") = "workflows", "workflows", "{C7D1E2F3-4A5B-46C7-91D8-2E3F4A5B6C7D}"
	ProjectSection(SolutionItems) = preProject
		.github\workflows\ci.yml = .github\workflows\ci.yml
		.github\workflows\docs-pdf.yml = .github\workflows\docs-pdf.yml
	EndProjectSection
EndProject
Global
	GlobalSection(SolutionConfigurationPlatforms) = preSolution
		Debug|Any CPU = Debug|Any CPU
		Release|Any CPU = Release|Any CPU
	EndGlobalSection
	GlobalSection(ProjectConfigurationPlatforms) = postSolution
		{4E85E004-CA28-4146-999B-1B7CC6230231}.Debug|Any CPU.ActiveCfg = Debug|Any CPU
		{4E85E004-CA28-4146-999B-1B7CC6230231}.Debug|Any CPU.Build.0 = Debug|Any CPU
		{4E85E004-CA28-4146-999B-1B7CC6230231}.Release|Any CPU.ActiveCfg = Release|Any CPU
		{4E85E004-CA28-4146-999B-1B7CC6230231}.Release|Any CPU.Build.0 = Release|Any CPU
		{B393585F-5C26-4949-90E5-712E824BFD22}.Debug|Any CPU.ActiveCfg = Debug|Any CPU
		{B393585F-5C26-4949-90E5-712E824BFD22}.Debug|Any CPU.Build.0 = Debug|Any CPU
		{B393585F-5C26-4949-90E5-712E824BFD22}.Release|Any CPU.ActiveCfg = Release|Any CPU
		{B393585F-5C26-4949-90E5-712E824BFD22}.Release|Any CPU.Build.0 = Release|Any CPU
		{D77903D6-0B07-44D5-936D-3D32367617F7}.Debug|Any CPU.ActiveCfg = Debug|Any CPU
		{D77903D6-0B07-44D5-936D-3D32367617F7}.Debug|Any CPU.Build.0 = Debug|Any CPU
		{D77903D6-0B07-44D5-936D-3D32367617F7}.Release|Any CPU.ActiveCfg = Release|Any CPU
		{D77903D6-0B07-44D5-936D-3D32367617F7}.Release|Any CPU.Build.0 = Release|Any CPU
		{9BE3C6C8-39AD-4998-AC10-EAA86B02748E}.Debug|Any CPU.ActiveCfg = Debug|Any CPU
		{9BE3C6C8-39AD-4998-AC10-EAA86B02748E}.Debug|Any CPU.Build.0 = Debug|Any CPU
		{9BE3C6C8-39AD-4998-AC10-EAA86B02748E}.Release|Any CPU.ActiveCfg = Release|Any CPU
		{9BE3C6C8-39AD-4998-AC10-EAA86B02748E}.Release|Any CPU.Build.0 = Release|Any CPU
	EndGlobalSection
	GlobalSection(NestedProjects) = preSolution
		{3FDF6A14-5F9A-4BDE-B2D2-A5DAB0EC9125} = {95AAB8A4-B7DA-4893-AB8D-077FB1D6DF93}
		{59C61EE3-1D6B-4326-964E-39489D332C5F} = {3FDF6A14-5F9A-4BDE-B2D2-A5DAB0EC9125}
		{F8F83BB4-30CC-4532-ADFA-2BDF75A245C4} = {95AAB8A4-B7DA-4893-AB8D-077FB1D6DF93}
		{D38A2C53-45E2-4338-BD4A-4A8A702A3459} = {F8F83BB4-30CC-4532-ADFA-2BDF75A245C4}
		{4A8EBDF8-FD96-46A6-8FEE-D07EC14A2760} = {D38A2C53-45E2-4338-BD4A-4A8A702A3459}
		{4DBB10B8-CA5E-4669-96C2-F1A270A661D4} = {D38A2C53-45E2-4338-BD4A-4A8A702A3459}
		{B94BC6F5-A003-4F4F-A323-2E301F68EE71} = {D38A2C53-45E2-4338-BD4A-4A8A702A3459}
		{F7F5D6D7-C0A8-45A5-9B74-C5A5E4CC49E7} = {D38A2C53-45E2-4338-BD4A-4A8A702A3459}
		{1675DFA0-EBB6-4188-8C57-A6D6E424B50F} = {F8F83BB4-30CC-4532-ADFA-2BDF75A245C4}
		{B8A3C2D1-AE0B-4F1C-A93D-C3F5B4B2E7D8} = {95AAB8A4-B7DA-4893-AB8D-077FB1D6DF93}
		{C7D1E2F3-4A5B-46C7-91D8-2E3F4A5B6C7D} = {B8A3C2D1-AE0B-4F1C-A93D-C3F5B4B2E7D8}
	EndGlobalSection
EndGlobal
